
Microsoft Visual Studio Solution File, Format Version 12.00
# Visual Studio Version 17
VisualStudioVersion = 17.2.32526.322
MinimumVisualStudioVersion = 10.0.40219.1
Project("{FAE04EC0-301F-11D3-BF4B-00C04F79EFBC}") = "DoNotKnow", "DoNotKnow.csproj", "{71923121-3755-4E62-A516-AD25A5BC04A2}"
EndProject
Global
	GlobalSection(SolutionConfigurationPlatforms) = preSolution
		Debug|Any CPU = Debug|Any CPU
		Release|Any CPU = Release|Any CPU
	EndGlobalSection
	GlobalSection(ProjectConfigurationPlatforms) = postSolution
		{71923121-3755-4E62-A516-AD25A5BC04A2}.Debug|Any CPU.ActiveCfg = Debug|Any CPU
		{71923121-3755-4E62-A516-AD25A5BC04A2}.Debug|Any CPU.Build.0 = Debug|Any CPU
		{71923121-3755-4E62-A516-AD25A5BC04A2}.Release|Any CPU.ActiveCfg = Release|Any CPU
		{71923121-3755-4E62-A516-AD25A5BC04A2}.Release|Any CPU.Build.0 = Release|Any CPU
	EndGlobalSection
	GlobalSection(SolutionProperties) = preSolution
		HideSolutionNode = FALSE
	EndGlobalSection
	GlobalSection(ExtensibilityGlobals) = postSolution
		SolutionGuid = {EEA78898-26DA-453B-9EC0-91848ECAF7F4}
	EndGlobalSection
EndGlobal
